
Microsoft Visual Studio Solution File, Format Version 12.00
# Visual Studio Version 17
VisualStudioVersion = 17.5.002.0
MinimumVisualStudioVersion = 10.0.40219.1
Project("{9A19103F-16F7-4668-BE54-9A1E7A4F7556}") = "DesafioFundamentos", "DesafioFundamentos\DesafioFundamentos.csproj", "{C4B61518-92A8-4C4A-A6C4-5F1F2B6C4715}"
EndProject
Global
	GlobalSection(SolutionConfigurationPlatforms) = preSolution
		Debug|Any CPU = Debug|Any CPU
		Release|Any CPU = Release|Any CPU
	EndGlobalSection
	GlobalSection(ProjectConfigurationPlatforms) = postSolution
		{C4B61518-92A8-4C4A-A6C4-5F1F2B6C4715}.Debug|Any CPU.ActiveCfg = Debug|Any CPU
		{C4B61518-92A8-4C4A-A6C4-5F1F2B6C4715}.Debug|Any CPU.Build.0 = Debug|Any CPU
		{C4B61518-92A8-4C4A-A6C4-5F1F2B6C4715}.Release|Any CPU.ActiveCfg = Release|Any CPU
		{C4B61518-92A8-4C4A-A6C4-5F1F2B6C4715}.Release|Any CPU.Build.0 = Release|Any CPU
	EndGlobalSection
	GlobalSection(SolutionProperties) = preSolution
		HideSolutionNode = FALSE
	EndGlobalSection
	GlobalSection(ExtensibilityGlobals) = postSolution
		SolutionGuid = {AE2429D3-2EC7-444D-8F16-2AE0A8651049}
	EndGlobalSection
EndGlobal
